
Microsoft Visual Studio Solution File, Format Version 12.00
# Visual Studio Version 17
VisualStudioVersion = 17.5.33424.131
MinimumVisualStudioVersion = 10.0.40219.1
Project("{FAE04EC0-301F-11D3-BF4B-00C04F79EFBC}") = "ConsoleApp1", "ConsoleApp1\ConsoleApp1.csproj", "{6DE08CC0-5AEC-4C1F-BFF5-F1C6A7405D47}"
EndProject
Global
	GlobalSection(SolutionConfigurationPlatforms) = preSolution
		Debug|Any CPU = Debug|Any CPU
		Release|Any CPU = Release|Any CPU
	EndGlobalSection
	GlobalSection(ProjectConfigurationPlatforms) = postSolution
		{6DE08CC0-5AEC-4C1F-BFF5-F1C6A7405D47}.Debug|Any CPU.ActiveCfg = Debug|Any CPU
		{6DE08CC0-5AEC-4C1F-BFF5-F1C6A7405D47}.Debug|Any CPU.Build.0 = Debug|Any CPU
		{6DE08CC0-5AEC-4C1F-BFF5-F1C6A7405D47}.Release|Any CPU.ActiveCfg = Release|Any CPU
		{6DE08CC0-5AEC-4C1F-BFF5-F1C6A7405D47}.Release|Any CPU.Build.0 = Release|Any CPU
	EndGlobalSection
	GlobalSection(SolutionProperties) = preSolution
		HideSolutionNode = FALSE
	EndGlobalSection
	GlobalSection(ExtensibilityGlobals) = postSolution
		SolutionGuid = {8EFE4F81-F0A4-4227-A613-726C49FCCAF9}
	EndGlobalSection
EndGlobal
